
Microsoft Visual Studio Solution File, Format Version 12.00
# Visual Studio Version 17
VisualStudioVersion = 17.4.33213.308
MinimumVisualStudioVersion = 10.0.40219.1
Project("{FAE04EC0-301F-11D3-BF4B-00C04F79EFBC}") = "Bai03", "Bai03\Bai03.csproj", "{15E031AF-B04F-4B1B-A7C4-7D235EA944D0}"
EndProject
Global
	GlobalSection(SolutionConfigurationPlatforms) = preSolution
		Debug|Any CPU = Debug|Any CPU
		Release|Any CPU = Release|Any CPU
	EndGlobalSection
	GlobalSection(ProjectConfigurationPlatforms) = postSolution
		{15E031AF-B04F-4B1B-A7C4-7D235EA944D0}.Debug|Any CPU.ActiveCfg = Debug|Any CPU
		{15E031AF-B04F-4B1B-A7C4-7D235EA944D0}.Debug|Any CPU.Build.0 = Debug|Any CPU
		{15E031AF-B04F-4B1B-A7C4-7D235EA944D0}.Release|Any CPU.ActiveCfg = Release|Any CPU
		{15E031AF-B04F-4B1B-A7C4-7D235EA944D0}.Release|Any CPU.Build.0 = Release|Any CPU
	EndGlobalSection
	GlobalSection(SolutionProperties) = preSolution
		HideSolutionNode = FALSE
	EndGlobalSection
	GlobalSection(ExtensibilityGlobals) = postSolution
		SolutionGuid = {5183CFB3-F28C-4C13-871E-DD915C174587}
	EndGlobalSection
EndGlobal
